
Microsoft Visual Studio Solution File, Format Version 12.00
# Visual Studio Version 17
VisualStudioVersion = 17.6.33829.357
MinimumVisualStudioVersion = 10.0.40219.1
Project("{FAE04EC0-301F-11D3-BF4B-00C04F79EFBC}") = "AuthServer.API", "AuthServer.API\AuthServer.API.csproj", "{49F552FA-4F6A-44B7-8573-D4333857D727}"
EndProject
Project("{FAE04EC0-301F-11D3-BF4B-00C04F79EFBC}") = "AuthServer.Core", "AuthServer.Core\AuthServer.Core.csproj", "{F340A3CE-3204-4CA0-A46D-5293DF69C236}"
EndProject
Project("{FAE04EC0-301F-11D3-BF4B-00C04F79EFBC}") = "AuthServer.Data", "AuthServer.Data\AuthServer.Data.csproj", "{0E65C3AF-5F61-4CB4-AAB9-9E911101AAD0}"
EndProject
Project("{FAE04EC0-301F-11D3-BF4B-00C04F79EFBC}") = "AuthServer.Service", "AuthServer.Service\AuthServer.Service.csproj", "{3F793B65-B0AF-433A-B1FF-2D6966DF197F}"
EndProject
Project("{FAE04EC0-301F-11D3-BF4B-00C04F79EFBC}") = "MiniApp1.API", "MiniApp1.API\MiniApp1.API.csproj", "{160EDE5E-29B9-45F2-92EF-3ABD5A204DFD}"
EndProject
Project("{FAE04EC0-301F-11D3-BF4B-00C04F79EFBC}") = "MiniApp2.API", "MiniApp2.API\MiniApp2.API.csproj", "{D50892A6-6566-4ABE-80E8-137AACA89819}"
EndProject
Project("{FAE04EC0-301F-11D3-BF4B-00C04F79EFBC}") = "MiniApp3.API", "MiniApp3.API\MiniApp3.API.csproj", "{FA888807-3851-44C1-AB0F-67D5ED9E4864}"
EndProject
Global
	GlobalSection(SolutionConfigurationPlatforms) = preSolution
		Debug|Any CPU = Debug|Any CPU
		Release|Any CPU = Release|Any CPU
	EndGlobalSection
	GlobalSection(ProjectConfigurationPlatforms) = postSolution
		{49F552FA-4F6A-44B7-8573-D4333857D727}.Debug|Any CPU.ActiveCfg = Debug|Any CPU
		{49F552FA-4F6A-44B7-8573-D4333857D727}.Debug|Any CPU.Build.0 = Debug|Any CPU
		{49F552FA-4F6A-44B7-8573-D4333857D727}.Release|Any CPU.ActiveCfg = Release|Any CPU
		{49F552FA-4F6A-44B7-8573-D4333857D727}.Release|Any CPU.Build.0 = Release|Any CPU
		{F340A3CE-3204-4CA0-A46D-5293DF69C236}.Debug|Any CPU.ActiveCfg = Debug|Any CPU
		{F340A3CE-3204-4CA0-A46D-5293DF69C236}.Debug|Any CPU.Build.0 = Debug|Any CPU
		{F340A3CE-3204-4CA0-A46D-5293DF69C236}.Release|Any CPU.ActiveCfg = Release|Any CPU
		{F340A3CE-3204-4CA0-A46D-5293DF69C236}.Release|Any CPU.Build.0 = Release|Any CPU
		{0E65C3AF-5F61-4CB4-AAB9-9E911101AAD0}.Debug|Any CPU.ActiveCfg = Debug|Any CPU
		{0E65C3AF-5F61-4CB4-AAB9-9E911101AAD0}.Debug|Any CPU.Build.0 = Debug|Any CPU
		{0E65C3AF-5F61-4CB4-AAB9-9E911101AAD0}.Release|Any CPU.ActiveCfg = Release|Any CPU
		{0E65C3AF-5F61-4CB4-AAB9-9E911101AAD0}.Release|Any CPU.Build.0 = Release|Any CPU
		{3F793B65-B0AF-433A-B1FF-2D6966DF197F}.Debug|Any CPU.ActiveCfg = Debug|Any CPU
		{3F793B65-B0AF-433A-B1FF-2D6966DF197F}.Debug|Any CPU.Build.0 = Debug|Any CPU
		{3F793B65-B0AF-433A-B1FF-2D6966DF197F}.Release|Any CPU.ActiveCfg = Release|Any CPU
		{3F793B65-B0AF-433A-B1FF-2D6966DF197F}.Release|Any CPU.Build.0 = Release|Any CPU
		{160EDE5E-29B9-45F2-92EF-3ABD5A204DFD}.Debug|Any CPU.ActiveCfg = Debug|Any CPU
		{160EDE5E-29B9-45F2-92EF-3ABD5A204DFD}.Debug|Any CPU.Build.0 = Debug|Any CPU
		{160EDE5E-29B9-45F2-92EF-3ABD5A204DFD}.Release|Any CPU.ActiveCfg = Release|Any CPU
		{160EDE5E-29B9-45F2-92EF-3ABD5A204DFD}.Release|Any CPU.Build.0 = Release|Any CPU
		{D50892A6-6566-4ABE-80E8-137AACA89819}.Debug|Any CPU.ActiveCfg = Debug|Any CPU
		{D50892A6-6566-4ABE-80E8-137AACA89819}.Debug|Any CPU.Build.0 = Debug|Any CPU
		{D50892A6-6566-4ABE-80E8-137AACA89819}.Release|Any CPU.ActiveCfg = Release|Any CPU
		{D50892A6-6566-4ABE-80E8-137AACA89819}.Release|Any CPU.Build.0 = Release|Any CPU
		{FA888807-3851-44C1-AB0F-67D5ED9E4864}.Debug|Any CPU.ActiveCfg = Debug|Any CPU
		{FA888807-3851-44C1-AB0F-67D5ED9E4864}.Debug|Any CPU.Build.0 = Debug|Any CPU
		{FA888807-3851-44C1-AB0F-67D5ED9E4864}.Release|Any CPU.ActiveCfg = Release|Any CPU
		{FA888807-3851-44C1-AB0F-67D5ED9E4864}.Release|Any CPU.Build.0 = Release|Any CPU
	EndGlobalSection
	GlobalSection(SolutionProperties) = preSolution
		HideSolutionNode = FALSE
	EndGlobalSection
	GlobalSection(ExtensibilityGlobals) = postSolution
		SolutionGuid = {78086C0D-C46A-44A0-8FD7-72F91AD42182}
	EndGlobalSection
EndGlobal
